{
  "name": "planets-project",
  "version": "1.0.0",
  "lockfileVersion": 1,
  "requires": true,
  "dependencies": {
    "csv-parse": {
      "version": "5.5.1",
      "resolved": "https://repo.cchnl.hnl/repository/npm-all/csv-parse/-/csv-parse-5.5.1.tgz",
      "integrity": "sha512-A6DrzSnN7MuOjXOT2tbO08YyYnP9sNDn8zITMHbZN/qt3gUzdGcu3LacYKY7b3RHwKoPwkhhmLeP7SE30cRmgg=="
    }
  }
}
